
Microsoft Visual Studio Solution File, Format Version 12.00
# Visual Studio Version 16
VisualStudioVersion = 16.0.33927.289
MinimumVisualStudioVersion = 10.0.40219.1
Project("{2150E333-8FDC-42A3-9474-1A3956D46DE8}") = "Task0", "Task0", "{974B30F6-78B1-4ED7-9BCF-2946E9482B97}"
EndProject
Project("{FAE04EC0-301F-11D3-BF4B-00C04F79EFBC}") = "Tyuiu.LebedevIV.Sprint6.Task0.V18.Lib", "Tyuiu.LebedevIV.Sprint6.Task0.V18.Lib\Tyuiu.LebedevIV.Sprint6.Task0.V18.Lib.csproj", "{E3310475-B1BD-40C0-BDC6-0D89298B7462}"
EndProject
Project("{FAE04EC0-301F-11D3-BF4B-00C04F79EFBC}") = "Tyuiu.LebedevIV.Sprint6.Task0.V18.Test", "Tyuiu.LebedevIV.Sprint6.Task0.V18.Test\Tyuiu.LebedevIV.Sprint6.Task0.V18.Test.csproj", "{268B1D0D-E53B-4904-B86C-1985E3B3E891}"
EndProject
Project("{FAE04EC0-301F-11D3-BF4B-00C04F79EFBC}") = "Tyuiu.LebedevIV.Sprint6.Task0.V18", "Tyuiu.LebedevIV.Sprint6.Task0.V18\Tyuiu.LebedevIV.Sprint6.Task0.V18.csproj", "{265BE7E4-2917-4078-AD43-36D147F1688E}"
EndProject
Project("{2150E333-8FDC-42A3-9474-1A3956D46DE8}") = "Task1", "Task1", "{990C170A-CF72-4868-9748-9AD164040FCB}"
EndProject
Project("{FAE04EC0-301F-11D3-BF4B-00C04F79EFBC}") = "Tyuiu.LebedevIV.Sprint6.Task1.V12", "Tyuiu.LebedevIV.Sprint6.Task1.V12\Tyuiu.LebedevIV.Sprint6.Task1.V12.csproj", "{57D197EA-6169-4264-9AEF-1445FE829186}"
EndProject
Project("{FAE04EC0-301F-11D3-BF4B-00C04F79EFBC}") = "Tyuiu.LebedevIV.Sprint6.Task1.V12.Test", "Tyuiu.LebedevIV.Sprint6.Task1.V12.Test\Tyuiu.LebedevIV.Sprint6.Task1.V12.Test.csproj", "{D4182D3C-1EDA-4A3D-B35A-A7754FA63857}"
EndProject
Project("{FAE04EC0-301F-11D3-BF4B-00C04F79EFBC}") = "Tyuiu.LebedevIV.Sprint6.Task1.V12.Lib", "Tyuiu.LebedevIV.Sprint6.Task1.V12.Lib\Tyuiu.LebedevIV.Sprint6.Task1.V12.Lib.csproj", "{E027F1CB-3DB6-4C00-A46C-AE9BFC00BF37}"
EndProject
Project("{2150E333-8FDC-42A3-9474-1A3956D46DE8}") = "Task2", "Task2", "{D9203417-D672-422E-8896-6A38312BFEE1}"
EndProject
Project("{FAE04EC0-301F-11D3-BF4B-00C04F79EFBC}") = "Tyuiu.LebedevIV.Sprint6.Task2.V10.Lib", "Tyuiu.LebedevIV.Sprint6.Task2.V10.Lib\Tyuiu.LebedevIV.Sprint6.Task2.V10.Lib.csproj", "{EF5C3FD2-F8F0-4563-82ED-A325CB76CAC9}"
EndProject
Project("{FAE04EC0-301F-11D3-BF4B-00C04F79EFBC}") = "Tyuiu.LebedevIV.Sprint6.Task2.V10", "Tyuiu.LebedevIV.Sprint6.Task2.V10\Tyuiu.LebedevIV.Sprint6.Task2.V10.csproj", "{0E19D4E0-E9B6-4D3B-B76B-B7131D747D65}"
EndProject
Project("{FAE04EC0-301F-11D3-BF4B-00C04F79EFBC}") = "Tyuiu.LebedevIV.Sprint6.Task2.V10.Test", "Tyuiu.LebedevIV.Sprint6.Task2.V10.Test\Tyuiu.LebedevIV.Sprint6.Task2.V10.Test.csproj", "{E75C7DBE-F753-48EA-B100-2E17D57AD2F7}"
EndProject
Project("{2150E333-8FDC-42A3-9474-1A3956D46DE8}") = "Task3", "Task3", "{95D090C9-074F-40B8-84B1-BFD1B073D029}"
EndProject
Project("{FAE04EC0-301F-11D3-BF4B-00C04F79EFBC}") = "Tyuiu.LebedevIV.Sprint6.Task3.V15", "Tyuiu.LebedevIV.Sprint6.Task3.V15\Tyuiu.LebedevIV.Sprint6.Task3.V15.csproj", "{C0BFABEF-6169-46D6-81CB-798A1E928EAA}"
EndProject
Project("{FAE04EC0-301F-11D3-BF4B-00C04F79EFBC}") = "Tyuiu.LebedevIV.Sprint6.Task3.V15.Lib", "Tyuiu.LebedevIV.Sprint6.Task3.V15.Lib\Tyuiu.LebedevIV.Sprint6.Task3.V15.Lib.csproj", "{9E878579-376D-4BC1-8BA9-66C8DC0A3439}"
EndProject
Project("{FAE04EC0-301F-11D3-BF4B-00C04F79EFBC}") = "Tyuiu.LebedevIV.Sprint6.Task3.V15.Test", "Tyuiu.LebedevIV.Sprint6.Task3.V15.Test\Tyuiu.LebedevIV.Sprint6.Task3.V15.Test.csproj", "{22033EA2-3CED-4936-8D70-A4BB21F66308}"
EndProject
Project("{2150E333-8FDC-42A3-9474-1A3956D46DE8}") = "Task4", "Task4", "{15BA9FA9-659D-4DFC-ADFD-AE42AFB63215}"
EndProject
Project("{FAE04EC0-301F-11D3-BF4B-00C04F79EFBC}") = "Tyuiu.LebedevIV.Sprint6.Task4.V25", "Tyuiu.LebedevIV.Sprint6.Task4.V25\Tyuiu.LebedevIV.Sprint6.Task4.V25.csproj", "{C71A2916-5814-4C26-BF49-BE6C4A030CA4}"
EndProject
Project("{FAE04EC0-301F-11D3-BF4B-00C04F79EFBC}") = "Tyuiu.LebedevIV.Sprint6.Task4.V25.Lib", "Tyuiu.LebedevIV.Sprint6.Task4.V25.Lib\Tyuiu.LebedevIV.Sprint6.Task4.V25.Lib.csproj", "{4B9DD018-536B-4255-91D9-72BC715E960C}"
EndProject
Project("{FAE04EC0-301F-11D3-BF4B-00C04F79EFBC}") = "Tyuiu.LebedevIV.Sprint6.Task4.V25.Test", "Tyuiu.LebedevIV.Sprint6.Task4.V25.Test\Tyuiu.LebedevIV.Sprint6.Task4.V25.Test.csproj", "{913C0E8E-CF70-41CB-8FEA-81286EC15274}"
EndProject
Project("{2150E333-8FDC-42A3-9474-1A3956D46DE8}") = "Task5", "Task5", "{951F650C-9E1E-48F5-8FF7-68F23907E651}"
EndProject
Project("{FAE04EC0-301F-11D3-BF4B-00C04F79EFBC}") = "Tyuiu.LebedevIV.Sprint6.Task5.V1", "Tyuiu.LebedevIV.Sprint6.Task5.V1\Tyuiu.LebedevIV.Sprint6.Task5.V1.csproj", "{241E4D02-CC86-4AD9-A37E-7504C0629B91}"
EndProject
Project("{FAE04EC0-301F-11D3-BF4B-00C04F79EFBC}") = "Tyuiu.LebedevIV.Sprint6.Task5.V1.Test", "Tyuiu.LebedevIV.Sprint6.Task5.V1.Test\Tyuiu.LebedevIV.Sprint6.Task5.V1.Test.csproj", "{D9774519-4C75-4E39-BE5A-FBD7A4866CBE}"
EndProject
Project("{FAE04EC0-301F-11D3-BF4B-00C04F79EFBC}") = "Tyuiu.LebedevIV.Sprint6.Task5.V1.Lib", "Tyuiu.LebedevIV.Sprint6.Task5.V1.Lib\Tyuiu.LebedevIV.Sprint6.Task5.V1.Lib.csproj", "{995D15DD-D85F-4644-8D01-7B8CEA91DACC}"
EndProject
Project("{2150E333-8FDC-42A3-9474-1A3956D46DE8}") = "Task6", "Task6", "{3D2BBF8A-37DC-42B2-A1FA-52CF732CD0F2}"
EndProject
Project("{FAE04EC0-301F-11D3-BF4B-00C04F79EFBC}") = "Tyuiu.LebedevIV.Sprint6.Task6.V22", "Tyuiu.LebedevIV.Sprint6.Task6.V22\Tyuiu.LebedevIV.Sprint6.Task6.V22.csproj", "{3109E93D-9630-4363-879D-27534F1BE6CB}"
EndProject
Project("{FAE04EC0-301F-11D3-BF4B-00C04F79EFBC}") = "Tyuiu.LebedevIV.Sprint6.Task6.V22.Lib", "Tyuiu.LebedevIV.Sprint6.Task6.V22.LIb\Tyuiu.LebedevIV.Sprint6.Task6.V22.Lib.csproj", "{C2859B54-CED1-4D01-B6CF-4038A7DC476C}"
EndProject
Project("{FAE04EC0-301F-11D3-BF4B-00C04F79EFBC}") = "Tyuiu.LebedevIV.Sprint6.Task6.V22.Test", "Tyuiu.LebedevIV.Sprint6.Task6.V22.Test\Tyuiu.LebedevIV.Sprint6.Task6.V22.Test.csproj", "{A8E6D67D-B106-434E-9657-3372D4A93E13}"
EndProject
Global
	GlobalSection(SolutionConfigurationPlatforms) = preSolution
		Debug|Any CPU = Debug|Any CPU
		Release|Any CPU = Release|Any CPU
	EndGlobalSection
	GlobalSection(ProjectConfigurationPlatforms) = postSolution
		{E3310475-B1BD-40C0-BDC6-0D89298B7462}.Debug|Any CPU.ActiveCfg = Debug|Any CPU
		{E3310475-B1BD-40C0-BDC6-0D89298B7462}.Debug|Any CPU.Build.0 = Debug|Any CPU
		{E3310475-B1BD-40C0-BDC6-0D89298B7462}.Release|Any CPU.ActiveCfg = Release|Any CPU
		{E3310475-B1BD-40C0-BDC6-0D89298B7462}.Release|Any CPU.Build.0 = Release|Any CPU
		{268B1D0D-E53B-4904-B86C-1985E3B3E891}.Debug|Any CPU.ActiveCfg = Debug|Any CPU
		{268B1D0D-E53B-4904-B86C-1985E3B3E891}.Debug|Any CPU.Build.0 = Debug|Any CPU
		{268B1D0D-E53B-4904-B86C-1985E3B3E891}.Release|Any CPU.ActiveCfg = Release|Any CPU
		{268B1D0D-E53B-4904-B86C-1985E3B3E891}.Release|Any CPU.Build.0 = Release|Any CPU
		{265BE7E4-2917-4078-AD43-36D147F1688E}.Debug|Any CPU.ActiveCfg = Debug|Any CPU
		{265BE7E4-2917-4078-AD43-36D147F1688E}.Debug|Any CPU.Build.0 = Debug|Any CPU
		{265BE7E4-2917-4078-AD43-36D147F1688E}.Release|Any CPU.ActiveCfg = Release|Any CPU
		{265BE7E4-2917-4078-AD43-36D147F1688E}.Release|Any CPU.Build.0 = Release|Any CPU
		{57D197EA-6169-4264-9AEF-1445FE829186}.Debug|Any CPU.ActiveCfg = Debug|Any CPU
		{57D197EA-6169-4264-9AEF-1445FE829186}.Debug|Any CPU.Build.0 = Debug|Any CPU
		{57D197EA-6169-4264-9AEF-1445FE829186}.Release|Any CPU.ActiveCfg = Release|Any CPU
		{57D197EA-6169-4264-9AEF-1445FE829186}.Release|Any CPU.Build.0 = Release|Any CPU
		{D4182D3C-1EDA-4A3D-B35A-A7754FA63857}.Debug|Any CPU.ActiveCfg = Debug|Any CPU
		{D4182D3C-1EDA-4A3D-B35A-A7754FA63857}.Debug|Any CPU.Build.0 = Debug|Any CPU
		{D4182D3C-1EDA-4A3D-B35A-A7754FA63857}.Release|Any CPU.ActiveCfg = Release|Any CPU
		{D4182D3C-1EDA-4A3D-B35A-A7754FA63857}.Release|Any CPU.Build.0 = Release|Any CPU
		{E027F1CB-3DB6-4C00-A46C-AE9BFC00BF37}.Debug|Any CPU.ActiveCfg = Debug|Any CPU
		{E027F1CB-3DB6-4C00-A46C-AE9BFC00BF37}.Debug|Any CPU.Build.0 = Debug|Any CPU
		{E027F1CB-3DB6-4C00-A46C-AE9BFC00BF37}.Release|Any CPU.ActiveCfg = Release|Any CPU
		{E027F1CB-3DB6-4C00-A46C-AE9BFC00BF37}.Release|Any CPU.Build.0 = Release|Any CPU
		{EF5C3FD2-F8F0-4563-82ED-A325CB76CAC9}.Debug|Any CPU.ActiveCfg = Debug|Any CPU
		{EF5C3FD2-F8F0-4563-82ED-A325CB76CAC9}.Debug|Any CPU.Build.0 = Debug|Any CPU
		{EF5C3FD2-F8F0-4563-82ED-A325CB76CAC9}.Release|Any CPU.ActiveCfg = Release|Any CPU
		{EF5C3FD2-F8F0-4563-82ED-A325CB76CAC9}.Release|Any CPU.Build.0 = Release|Any CPU
		{0E19D4E0-E9B6-4D3B-B76B-B7131D747D65}.Debug|Any CPU.ActiveCfg = Debug|Any CPU
		{0E19D4E0-E9B6-4D3B-B76B-B7131D747D65}.Debug|Any CPU.Build.0 = Debug|Any CPU
		{0E19D4E0-E9B6-4D3B-B76B-B7131D747D65}.Release|Any CPU.ActiveCfg = Release|Any CPU
		{0E19D4E0-E9B6-4D3B-B76B-B7131D747D65}.Release|Any CPU.Build.0 = Release|Any CPU
		{E75C7DBE-F753-48EA-B100-2E17D57AD2F7}.Debug|Any CPU.ActiveCfg = Debug|Any CPU
		{E75C7DBE-F753-48EA-B100-2E17D57AD2F7}.Debug|Any CPU.Build.0 = Debug|Any CPU
		{E75C7DBE-F753-48EA-B100-2E17D57AD2F7}.Release|Any CPU.ActiveCfg = Release|Any CPU
		{E75C7DBE-F753-48EA-B100-2E17D57AD2F7}.Release|Any CPU.Build.0 = Release|Any CPU
		{C0BFABEF-6169-46D6-81CB-798A1E928EAA}.Debug|Any CPU.ActiveCfg = Debug|Any CPU
		{C0BFABEF-6169-46D6-81CB-798A1E928EAA}.Debug|Any CPU.Build.0 = Debug|Any CPU
		{C0BFABEF-6169-46D6-81CB-798A1E928EAA}.Release|Any CPU.ActiveCfg = Release|Any CPU
		{C0BFABEF-6169-46D6-81CB-798A1E928EAA}.Release|Any CPU.Build.0 = Release|Any CPU
		{9E878579-376D-4BC1-8BA9-66C8DC0A3439}.Debug|Any CPU.ActiveCfg = Debug|Any CPU
		{9E878579-376D-4BC1-8BA9-66C8DC0A3439}.Debug|Any CPU.Build.0 = Debug|Any CPU
		{9E878579-376D-4BC1-8BA9-66C8DC0A3439}.Release|Any CPU.ActiveCfg = Release|Any CPU
		{9E878579-376D-4BC1-8BA9-66C8DC0A3439}.Release|Any CPU.Build.0 = Release|Any CPU
		{22033EA2-3CED-4936-8D70-A4BB21F66308}.Debug|Any CPU.ActiveCfg = Debug|Any CPU
		{22033EA2-3CED-4936-8D70-A4BB21F66308}.Debug|Any CPU.Build.0 = Debug|Any CPU
		{22033EA2-3CED-4936-8D70-A4BB21F66308}.Release|Any CPU.ActiveCfg = Release|Any CPU
		{22033EA2-3CED-4936-8D70-A4BB21F66308}.Release|Any CPU.Build.0 = Release|Any CPU
		{C71A2916-5814-4C26-BF49-BE6C4A030CA4}.Debug|Any CPU.ActiveCfg = Debug|Any CPU
		{C71A2916-5814-4C26-BF49-BE6C4A030CA4}.Debug|Any CPU.Build.0 = Debug|Any CPU
		{C71A2916-5814-4C26-BF49-BE6C4A030CA4}.Release|Any CPU.ActiveCfg = Release|Any CPU
		{C71A2916-5814-4C26-BF49-BE6C4A030CA4}.Release|Any CPU.Build.0 = Release|Any CPU
		{4B9DD018-536B-4255-91D9-72BC715E960C}.Debug|Any CPU.ActiveCfg = Debug|Any CPU
		{4B9DD018-536B-4255-91D9-72BC715E960C}.Debug|Any CPU.Build.0 = Debug|Any CPU
		{4B9DD018-536B-4255-91D9-72BC715E960C}.Release|Any CPU.ActiveCfg = Release|Any CPU
		{4B9DD018-536B-4255-91D9-72BC715E960C}.Release|Any CPU.Build.0 = Release|Any CPU
		{913C0E8E-CF70-41CB-8FEA-81286EC15274}.Debug|Any CPU.ActiveCfg = Debug|Any CPU
		{913C0E8E-CF70-41CB-8FEA-81286EC15274}.Debug|Any CPU.Build.0 = Debug|Any CPU
		{913C0E8E-CF70-41CB-8FEA-81286EC15274}.Release|Any CPU.ActiveCfg = Release|Any CPU
		{913C0E8E-CF70-41CB-8FEA-81286EC15274}.Release|Any CPU.Build.0 = Release|Any CPU
		{241E4D02-CC86-4AD9-A37E-7504C0629B91}.Debug|Any CPU.ActiveCfg = Debug|Any CPU
		{241E4D02-CC86-4AD9-A37E-7504C0629B91}.Debug|Any CPU.Build.0 = Debug|Any CPU
		{241E4D02-CC86-4AD9-A37E-7504C0629B91}.Release|Any CPU.ActiveCfg = Release|Any CPU
		{241E4D02-CC86-4AD9-A37E-7504C0629B91}.Release|Any CPU.Build.0 = Release|Any CPU
		{D9774519-4C75-4E39-BE5A-FBD7A4866CBE}.Debug|Any CPU.ActiveCfg = Debug|Any CPU
		{D9774519-4C75-4E39-BE5A-FBD7A4866CBE}.Debug|Any CPU.Build.0 = Debug|Any CPU
		{D9774519-4C75-4E39-BE5A-FBD7A4866CBE}.Release|Any CPU.ActiveCfg = Release|Any CPU
		{D9774519-4C75-4E39-BE5A-FBD7A4866CBE}.Release|Any CPU.Build.0 = Release|Any CPU
		{995D15DD-D85F-4644-8D01-7B8CEA91DACC}.Debug|Any CPU.ActiveCfg = Debug|Any CPU
		{995D15DD-D85F-4644-8D01-7B8CEA91DACC}.Debug|Any CPU.Build.0 = Debug|Any CPU
		{995D15DD-D85F-4644-8D01-7B8CEA91DACC}.Release|Any CPU.ActiveCfg = Release|Any CPU
		{995D15DD-D85F-4644-8D01-7B8CEA91DACC}.Release|Any CPU.Build.0 = Release|Any CPU
		{3109E93D-9630-4363-879D-27534F1BE6CB}.Debug|Any CPU.ActiveCfg = Debug|Any CPU
		{3109E93D-9630-4363-879D-27534F1BE6CB}.Debug|Any CPU.Build.0 = Debug|Any CPU
		{3109E93D-9630-4363-879D-27534F1BE6CB}.Release|Any CPU.ActiveCfg = Release|Any CPU
		{3109E93D-9630-4363-879D-27534F1BE6CB}.Release|Any CPU.Build.0 = Release|Any CPU
		{C2859B54-CED1-4D01-B6CF-4038A7DC476C}.Debug|Any CPU.ActiveCfg = Debug|Any CPU
		{C2859B54-CED1-4D01-B6CF-4038A7DC476C}.Debug|Any CPU.Build.0 = Debug|Any CPU
		{C2859B54-CED1-4D01-B6CF-4038A7DC476C}.Release|Any CPU.ActiveCfg = Release|Any CPU
		{C2859B54-CED1-4D01-B6CF-4038A7DC476C}.Release|Any CPU.Build.0 = Release|Any CPU
		{A8E6D67D-B106-434E-9657-3372D4A93E13}.Debug|Any CPU.ActiveCfg = Debug|Any CPU
		{A8E6D67D-B106-434E-9657-3372D4A93E13}.Debug|Any CPU.Build.0 = Debug|Any CPU
		{A8E6D67D-B106-434E-9657-3372D4A93E13}.Release|Any CPU.ActiveCfg = Release|Any CPU
		{A8E6D67D-B106-434E-9657-3372D4A93E13}.Release|Any CPU.Build.0 = Release|Any CPU
	EndGlobalSection
	GlobalSection(SolutionProperties) = preSolution
		HideSolutionNode = FALSE
	EndGlobalSection
	GlobalSection(NestedProjects) = preSolution
		{E3310475-B1BD-40C0-BDC6-0D89298B7462} = {974B30F6-78B1-4ED7-9BCF-2946E9482B97}
		{268B1D0D-E53B-4904-B86C-1985E3B3E891} = {974B30F6-78B1-4ED7-9BCF-2946E9482B97}
		{265BE7E4-2917-4078-AD43-36D147F1688E} = {974B30F6-78B1-4ED7-9BCF-2946E9482B97}
		{57D197EA-6169-4264-9AEF-1445FE829186} = {990C170A-CF72-4868-9748-9AD164040FCB}
		{D4182D3C-1EDA-4A3D-B35A-A7754FA63857} = {990C170A-CF72-4868-9748-9AD164040FCB}
		{E027F1CB-3DB6-4C00-A46C-AE9BFC00BF37} = {990C170A-CF72-4868-9748-9AD164040FCB}
		{EF5C3FD2-F8F0-4563-82ED-A325CB76CAC9} = {D9203417-D672-422E-8896-6A38312BFEE1}
		{0E19D4E0-E9B6-4D3B-B76B-B7131D747D65} = {D9203417-D672-422E-8896-6A38312BFEE1}
		{E75C7DBE-F753-48EA-B100-2E17D57AD2F7} = {D9203417-D672-422E-8896-6A38312BFEE1}
		{C0BFABEF-6169-46D6-81CB-798A1E928EAA} = {95D090C9-074F-40B8-84B1-BFD1B073D029}
		{9E878579-376D-4BC1-8BA9-66C8DC0A3439} = {95D090C9-074F-40B8-84B1-BFD1B073D029}
		{22033EA2-3CED-4936-8D70-A4BB21F66308} = {95D090C9-074F-40B8-84B1-BFD1B073D029}
		{C71A2916-5814-4C26-BF49-BE6C4A030CA4} = {15BA9FA9-659D-4DFC-ADFD-AE42AFB63215}
		{4B9DD018-536B-4255-91D9-72BC715E960C} = {15BA9FA9-659D-4DFC-ADFD-AE42AFB63215}
		{913C0E8E-CF70-41CB-8FEA-81286EC15274} = {15BA9FA9-659D-4DFC-ADFD-AE42AFB63215}
		{241E4D02-CC86-4AD9-A37E-7504C0629B91} = {951F650C-9E1E-48F5-8FF7-68F23907E651}
		{D9774519-4C75-4E39-BE5A-FBD7A4866CBE} = {951F650C-9E1E-48F5-8FF7-68F23907E651}
		{995D15DD-D85F-4644-8D01-7B8CEA91DACC} = {951F650C-9E1E-48F5-8FF7-68F23907E651}
		{3109E93D-9630-4363-879D-27534F1BE6CB} = {3D2BBF8A-37DC-42B2-A1FA-52CF732CD0F2}
		{C2859B54-CED1-4D01-B6CF-4038A7DC476C} = {3D2BBF8A-37DC-42B2-A1FA-52CF732CD0F2}
		{A8E6D67D-B106-434E-9657-3372D4A93E13} = {3D2BBF8A-37DC-42B2-A1FA-52CF732CD0F2}
	EndGlobalSection
	GlobalSection(ExtensibilityGlobals) = postSolution
		SolutionGuid = {88FCF745-3DB5-4B78-9550-D3FDB49F1F1B}
	EndGlobalSection
EndGlobal
